
Microsoft Visual Studio Solution File, Format Version 12.00
# Visual Studio 15
VisualStudioVersion = 15.0.27703.2035
MinimumVisualStudioVersion = 10.0.40219.1
Project("{FAE04EC0-301F-11D3-BF4B-00C04F79EFBC}") = "PersonNotebook", "example\PersonNotebook.csproj", "{96CCD0D2-63F6-4D83-87F6-3B785AE51CFA}"
EndProject
Global
	GlobalSection(SolutionConfigurationPlatforms) = preSolution
		Debug|Any CPU = Debug|Any CPU
		Release|Any CPU = Release|Any CPU
	EndGlobalSection
	GlobalSection(ProjectConfigurationPlatforms) = postSolution
		{96CCD0D2-63F6-4D83-87F6-3B785AE51CFA}.Debug|Any CPU.ActiveCfg = Debug|Any CPU
		{96CCD0D2-63F6-4D83-87F6-3B785AE51CFA}.Debug|Any CPU.Build.0 = Debug|Any CPU
		{96CCD0D2-63F6-4D83-87F6-3B785AE51CFA}.Release|Any CPU.ActiveCfg = Release|Any CPU
		{96CCD0D2-63F6-4D83-87F6-3B785AE51CFA}.Release|Any CPU.Build.0 = Release|Any CPU
	EndGlobalSection
	GlobalSection(SolutionProperties) = preSolution
		HideSolutionNode = FALSE
	EndGlobalSection
	GlobalSection(ExtensibilityGlobals) = postSolution
		SolutionGuid = {8B547D8A-2337-4D74-89D6-2F9AC5BB6FA9}
	EndGlobalSection
EndGlobal
